{
  "name": "swagger-ui",
  "version": "3.0.12",
  "lockfileVersion": 1,
  "requires": true,
  "dependencies": {
    "async-foreach": {
      "version": "0.1.3",
      "resolved": "https://registry.npmjs.org/async-foreach/-/async-foreach-0.1.3.tgz",
      "integrity": "sha1-NhIfhFwFeBct5Bmpfb6x0W7DRUI=",
      "dev": true
    },
    "asynckit": {
      "version": "0.4.0",
      "resolved": "https://registry.npmjs.org/asynckit/-/asynckit-0.4.0.tgz",
      "integrity": "sha1-x57Zf380y48robyXkLzDZkdLS3k=",
      "dev": true
    },
    "autoprefixer": {
      "version": "6.6.1",
      "resolved": "https://registry.npmjs.org/autoprefixer/-/autoprefixer-6.6.1.tgz",
      "integrity": "sha1-EaQHertLMTJT7C9uGtuRrYQlNRk=",
      "dev": true
    },
    "babel-core": {
      "version": "6.24.1",
      "resolved": "https://registry.npmjs.org/babel-core/-/babel-core-6.24.1.tgz",
      "integrity": "sha1-jEKFZNzh4fQfszfsNPTDsCK1rYM=",
      "dev": true
    },
    "babel-eslint": {
      "version": "7.2.3",
      "resolved": "https://registry.npmjs.org/babel-eslint/-/babel-eslint-7.2.3.tgz",
      "integrity": "sha1-sv4tgBJkcPXBlELcdXJTqJdxCCc=",
      "dev": true
    },
    "babel-loader": {
      "version": "6.4.1",
      "resolved": "https://registry.npmjs.org/babel-loader/-/babel-loader-6.4.1.tgz",
      "integrity": "sha1-CzQRLVsHSKjc2/Uaz2+b1C1QuMo=",
      "dev": true
    },
    "babel-plugin-module-alias": {
      "version": "1.6.0",
      "resolved": "https://registry.npmjs.org/babel-plugin-module-alias/-/babel-plugin-module-alias-1.6.0.tgz",
      "integrity": "sha1-3346q6NUT0wGqdMxSia7v/bYe2E=",
      "dev": true
    },
    "babel-polyfill": {
      "version": "6.23.0",
      "resolved": "https://registry.npmjs.org/babel-polyfill/-/babel-polyfill-6.23.0.tgz",
      "integrity": "sha1-g2TKYt+Or7gwSZ9pkXdGbDsDSZ0="
    },
    "babel-preset-es2015": {
      "version": "6.24.1",
      "resolved": "https://registry.npmjs.org/babel-preset-es2015/-/babel-preset-es2015-6.24.1.tgz",
      "integrity": "sha1-1EBQ1rwsn+6nAqrzjXJ6AhBTiTk=",
      "dev": true
    },
    "babel-preset-es2015-ie": {
      "version": "6.7.0",
      "resolved": "https://registry.npmjs.org/babel-preset-es2015-ie/-/babel-preset-es2015-ie-6.7.0.tgz",
      "integrity": "sha1-T8Of8zENBzI6BLzZfJxyl5tAe2I=",
      "dev": true
    },
    "babel-preset-react": {
      "version": "6.24.1",
      "resolved": "https://registry.npmjs.org/babel-preset-react/-/babel-preset-react-6.24.1.tgz",
      "integrity": "sha1-umnfrqRfw+xjm2pOzqbhdwLJE4A=",
      "dev": true
    },
    "babel-preset-stage-0": {
      "version": "6.24.1",
      "resolved": "https://registry.npmjs.org/babel-preset-stage-0/-/babel-preset-stage-0-6.24.1.tgz",
      "integrity": "sha1-VkLRUEL5E4TX5a+LyIsduVsDnmo=",
      "dev": true
    },
    "babel-runtime": {
      "version": "6.23.0",
      "resolved": "https://registry.npmjs.org/babel-runtime/-/babel-runtime-6.23.0.tgz",
      "integrity": "sha1-CpSJ8UTecO+zzkMArM2zKeL8VDs=",
      "dev": true
    },
    "base64-js": {
      "version": "1.2.0",
      "resolved": "https://registry.npmjs.org/base64-js/-/base64-js-1.2.0.tgz",
      "integrity": "sha1-o5mS1yNYSBGYK+XikLtqU9hnAPE="
    },
    "brace": {
      "version": "0.7.0",
      "resolved": "https://registry.npmjs.org/brace/-/brace-0.7.0.tgz",
      "integrity": "sha1-kGUdpb1Ibtu0GIjex4r9zQc3WyE="
    },
    "caseless": {
      "version": "0.12.0",
      "resolved": "https://registry.npmjs.org/caseless/-/caseless-0.12.0.tgz",
      "integrity": "sha1-G2gcIf+EAzyCZUMJBolCDRhxUdw=",
      "dev": true
    },
    "chalk": {
      "version": "1.1.3",
      "resolved": "https://registry.npmjs.org/chalk/-/chalk-1.1.3.tgz",
      "integrity": "sha1-qBFcVeSnAv5NFQq9OHKCKn4J/Jg=",
      "dev": true,
      "dependencies": {
        "supports-color": {
          "version": "2.0.0",
          "resolved": "https://registry.npmjs.org/supports-color/-/supports-color-2.0.0.tgz",
          "integrity": "sha1-U10EXOa2Nj+kARcIRimZXp3zJMc="
        }
      }
    },
    "cross-spawn": {
      "version": "3.0.1",
      "resolved": "https://registry.npmjs.org/cross-spawn/-/cross-spawn-3.0.1.tgz",
      "integrity": "sha1-ElYDfsufDF9549bvE14wdwGEuYI=",
      "dev": true,
      "dependencies": {
        "lru-cache": {
          "version": "4.0.2",
          "resolved": "https://registry.npmjs.org/lru-cache/-/lru-cache-4.0.2.tgz",
          "integrity": "sha1-HRdnnAac2l0ECZGgnbwsDbN35V4="
        }
      }
    },
    "css-loader": {
      "version": "0.22.0",
      "resolved": "https://registry.npmjs.org/css-loader/-/css-loader-0.22.0.tgz",
      "integrity": "sha1-SJKROWDNPe34gHcCwkKD+E6Xxw8=",
      "dev": true
    },
    "deep-extend": {
      "version": "0.4.1",
      "resolved": "https://registry.npmjs.org/deep-extend/-/deep-extend-0.4.1.tgz",
      "integrity": "sha1-7+QRPQgIX05vlod1mBD4B0aeIlM="
    },
    "deepmerge": {
      "version": "1.3.2",
      "resolved": "https://registry.npmjs.org/deepmerge/-/deepmerge-1.3.2.tgz",
      "integrity": "sha1-FmNpFinU2/42T6EqKk8KqGqjoFA=",
      "dev": true
    },
    "delayed-stream": {
      "version": "1.0.0",
      "resolved": "https://registry.npmjs.org/delayed-stream/-/delayed-stream-1.0.0.tgz",
      "integrity": "sha1-3zrhmayt+31ECqrgsp4icrJOxhk=",
      "dev": true
    },
    "enzyme": {
      "version": "2.8.2",
      "resolved": "https://registry.npmjs.org/enzyme/-/enzyme-2.8.2.tgz",
      "integrity": "sha1-bIvLBQEqvEqkvDIT+yN4C5tbFxQ=",
      "dev": true
    },
    "eslint": {
      "version": "2.13.1",
      "resolved": "https://registry.npmjs.org/eslint/-/eslint-2.13.1.tgz",
      "integrity": "sha1-5MyPoPAJ+4KaquI4VaKTYL4fbBE=",
      "dev": true
    },
    "eslint-plugin-react": {
      "version": "6.10.3",
      "resolved": "https://registry.npmjs.org/eslint-plugin-react/-/eslint-plugin-react-6.10.3.tgz",
      "integrity": "sha1-xUNb6wZ3ThLH2y9qut3L+QDNP3g=",
      "dev": true
    },
    "expect": {
      "version": "1.20.2",
      "resolved": "https://registry.npmjs.org/expect/-/expect-1.20.2.tgz",
      "integrity": "sha1-1Fj+TFYAQDa64yMkFqP2Nh8E+WU="
    },
    "extract-text-webpack-plugin": {
      "version": "0.8.2",
      "resolved": "https://registry.npmjs.org/extract-text-webpack-plugin/-/extract-text-webpack-plugin-0.8.2.tgz",
      "integrity": "sha1-STCd8yX1Ov/FOXL3Ea+6I2DBkUw=",
      "dev": true,
      "dependencies": {
        "async": {
          "version": "1.5.2",
          "resolved": "https://registry.npmjs.org/async/-/async-1.5.2.tgz",
          "integrity": "sha1-7GphrlZIDAw8skHJVhjiCJL5Zyo="
        }
      }
    },
    "fast-deep-equal": {
      "version": "3.1.3",
      "resolved": "https://registry.npmjs.org/fast-deep-equal/-/fast-deep-equal-3.1.3.tgz",
      "integrity": "sha512-f3qQ9oQy9j2AhBe/H9VC91wLmKBCCU/gDOnKNAYG5hswO7BLKj09Hc5HYNz9cGI++xlpDCIgDaitVs03ATR84Q==",
      "dev": true
    },
    "fast-json-stable-stringify": {
      "version": "2.1.0",
      "resolved": "https://registry.npmjs.org/fast-json-stable-stringify/-/fast-json-stable-stringify-2.1.0.tgz",
      "integrity": "sha512-lhd/wF+Lk98HZoTCtlVraHtfh5XYijIjalXck7saUtuanSDyLMxnHhSXEDJqHxD7msR8D0uCmqlkwjCV8xvwHw==",
      "dev": true
    },
    "file-loader": {
      "version": "0.8.4",
      "resolved": "https://registry.npmjs.org/file-loader/-/file-loader-0.8.4.tgz",
      "integrity": "sha1-NsuRoeB/tZgXQyp2uECNZvuqacY=",
      "dev": true
    },
    "forever-agent": {
      "version": "0.6.1",
      "resolved": "https://registry.npmjs.org/forever-agent/-/forever-agent-0.6.1.tgz",
      "integrity": "sha1-+8cfDEGt6zf5bFd60e1C2P2sypE=",
      "dev": true
    },
    "fstream": {
      "version": "1.0.11",
      "resolved": "https://registry.npmjs.org/fstream/-/fstream-1.0.11.tgz",
      "integrity": "sha1-XB+x8RdHcRTwYyoOtLcbPLD9MXE=",
      "dev": true
    },
    "gaze": {
      "version": "1.1.2",
      "resolved": "https://registry.npmjs.org/gaze/-/gaze-1.1.2.tgz",
      "integrity": "sha1-hHIkZ3rbiHDWeSV+0ziP22HkAQU=",
      "dev": true
    },
    "get-stdin": {
      "version": "4.0.1",
      "resolved": "https://registry.npmjs.org/get-stdin/-/get-stdin-4.0.1.tgz",
      "integrity": "sha1-uWjGsKBDhDJJAui/Gl3zJXmkUP4=",
      "dev": true
    },
    "getbase": {
      "version": "2.8.2",
      "resolved": "https://registry.npmjs.org/getbase/-/getbase-2.8.2.tgz",
      "integrity": "sha1-ytdX/7K19THTKtb6xIceYmpMCcs="
    },
    "git-describe": {
      "version": "4.0.1",
      "resolved": "https://registry.npmjs.org/git-describe/-/git-describe-4.0.1.tgz",
      "integrity": "sha1-tFkH84MbeGWQsT4AWECjGv+iKao=",
      "dev": true
    },
    "glob": {
      "version": "7.1.2",
      "resolved": "https://registry.npmjs.org/glob/-/glob-7.1.2.tgz",
      "integrity": "sha512-MJTUg1kjuLeQCJ+ccE4Vpa6kKVXkPYJ2mOCQyUuKLcLQsdrMCpBPUi8qVE6+YuaJkozeA9NusTAw3hLr8Xe5EQ==",
      "dev": true
    },
    "graceful-fs": {
      "version": "4.1.11",
      "resolved": "https://registry.npmjs.org/graceful-fs/-/graceful-fs-4.1.11.tgz",
      "integrity": "sha1-Dovf5NHduIVNZOBOp8AOKgJuVlg=",
      "dev": true
    },
    "html-webpack-plugin": {
      "version": "2.28.0",
      "resolved": "https://registry.npmjs.org/html-webpack-plugin/-/html-webpack-plugin-2.28.0.tgz",
      "integrity": "sha1-LnhjtX5f1I/iYzA+L/yTTDBk0Ak=",
      "dev": true,
      "dependencies": {
        "lodash": {
          "version": "4.17.4",
          "resolved": "https://registry.npmjs.org/lodash/-/lodash-4.17.4.tgz",
          "integrity": "sha1-eCA6TRwyiuHYbcpkYONptX9AVa4="
        }
      }
    },
    "ieee754": {
      "version": "1.1.8",
      "resolved": "https://registry.npmjs.org/ieee754/-/ieee754-1.1.8.tgz",
      "integrity": "sha1-vjPUCsEO8ZJnAfbwii2G+/0a0+Q="
    },
    "immutable": {
      "version": "3.8.1",
      "resolved": "https://registry.npmjs.org/immutable/-/immutable-3.8.1.tgz",
      "integrity": "sha1-IAgH8Rqw9ycQ6khVQt4IgHX2jNI="
    },
    "imports-loader": {
      "version": "0.6.5",
      "resolved": "https://registry.npmjs.org/imports-loader/-/imports-loader-0.6.5.tgz",
      "integrity": "sha1-rnRlMDHVnjezwvslRKxhrq41MKY=",
      "dev": true,
      "dependencies": {
        "source-map": {
          "version": "0.1.43",
          "resolved": "https://registry.npmjs.org/source-map/-/source-map-0.1.43.tgz",
          "integrity": "sha1-wkvBRspRfBRx9drL4lcbK3+eM0Y="
        }
      }
    },
    "in-publish": {
      "version": "2.0.0",
      "resolved": "https://registry.npmjs.org/in-publish/-/in-publish-2.0.0.tgz",
      "integrity": "sha1-4g/146KvwmkDILbcVSaCqcf631E=",
      "dev": true
    },
    "is-typedarray": {
      "version": "1.0.0",
      "resolved": "https://registry.npmjs.org/is-typedarray/-/is-typedarray-1.0.0.tgz",
      "integrity": "sha1-5HnICFjfDBsR3dppQPlgEfzaSpo=",
      "dev": true
    },
    "isstream": {
      "version": "0.1.2",
      "resolved": "https://registry.npmjs.org/isstream/-/isstream-0.1.2.tgz",
      "integrity": "sha1-R+Y/evVa+m+S4VAOaQ64uFKcCZo=",
      "dev": true
    },
    "js-yaml": {
      "version": "3.8.4",
      "resolved": "https://registry.npmjs.org/js-yaml/-/js-yaml-3.8.4.tgz",
      "integrity": "sha1-UgtFZPhlc7qWZir4Woyvp7S1pvY="
    },
    "json-loader": {
      "version": "0.5.3",
      "resolved": "https://registry.npmjs.org/json-loader/-/json-loader-0.5.3.tgz",
      "integrity": "sha1-/egxHVw0FPYIJg49kxNQUNF6VZM=",
      "dev": true
    },
    "json-schema-traverse": {
      "version": "0.4.1",
      "resolved": "https://registry.npmjs.org/json-schema-traverse/-/json-schema-traverse-0.4.1.tgz",
      "integrity": "sha512-xbbCH5dCYU5T8LcEhhuh7HJ88HXuW3qsI3Y0zOZFKfZEHcpWiHU/Jxzk629Brsab/mMiHQti9wMP+845RPe3Vg==",
      "dev": true
    },
    "json-stringify-safe": {
      "version": "5.0.1",
      "resolved": "https://registry.npmjs.org/json-stringify-safe/-/json-stringify-safe-5.0.1.tgz",
      "integrity": "sha1-Epai1Y/UXxmg9s4B1lcB4sc1tus=",
      "dev": true
    },
    "jsprim": {
      "version": "1.4.0",
      "resolved": "https://registry.npmjs.org/jsprim/-/jsprim-1.4.0.tgz",
      "integrity": "sha1-o7h+QCmNjDgFUtjMdiigu5WiKRg=",
      "dev": true,
      "dependencies": {
        "assert-plus": {
          "version": "1.0.0",
          "resolved": "https://registry.npmjs.org/assert-plus/-/assert-plus-1.0.0.tgz",
          "integrity": "sha1-8S4PPF13sLHN2RRpQuTpbB5N1SU="
        }
      }
    },
    "karma": {
      "version": "0.13.22",
      "resolved": "https://registry.npmjs.org/karma/-/karma-0.13.22.tgz",
      "integrity": "sha1-B3ULG9Bj1+fnuRvNLmNU2PKqh0Q=",
      "dev": true,
      "dependencies": {
        "batch": {
          "version": "0.5.3",
          "resolved": "https://registry.npmjs.org/batch/-/batch-0.5.3.tgz",
          "integrity": "sha1-PzQU84AyF0O/wQQvmoP/HVgk1GQ="
        },
        "bluebird": {
          "version": "2.11.0",
          "resolved": "https://registry.npmjs.org/bluebird/-/bluebird-2.11.0.tgz",
          "integrity": "sha1-U0uQM8AiyVecVro7Plpcqvu2UOE="
        },
        "lodash": {
          "version": "3.10.1",
          "resolved": "https://registry.npmjs.org/lodash/-/lodash-3.10.1.tgz",
          "integrity": "sha1-W/Rejkm6QYnhfUgnid/RW9FAt7Y="
        }
      }
    },
    "karma-chrome-launcher": {
      "version": "0.2.3",
      "resolved": "https://registry.npmjs.org/karma-chrome-launcher/-/karma-chrome-launcher-0.2.3.tgz",
      "integrity": "sha1-TG1wDRY6nTTGGO/YeRi+SeekqMk=",
      "dev": true
    },
    "karma-mocha": {
      "version": "0.2.2",
      "resolved": "https://registry.npmjs.org/karma-mocha/-/karma-mocha-0.2.2.tgz",
      "integrity": "sha1-OI7ZF9oV3LGW0bkVwZNO+AMZP44=",
      "dev": true
    },
    "karma-sourcemap-loader": {
      "version": "0.3.7",
      "resolved": "https://registry.npmjs.org/karma-sourcemap-loader/-/karma-sourcemap-loader-0.3.7.tgz",
      "integrity": "sha1-kTIsd/jxPUb+0GKwQuEAnUxFBdg=",
      "dev": true
    },
    "karma-webpack": {
      "version": "1.8.0",
      "resolved": "https://registry.npmjs.org/karma-webpack/-/karma-webpack-1.8.0.tgz",
      "integrity": "sha1-NAx5mes3RbR77KtH0NME2sLFUlc=",
      "dev": true,
      "dependencies": {
        "async": {
          "version": "0.9.2",
          "resolved": "https://registry.npmjs.org/async/-/async-0.9.2.tgz",
          "integrity": "sha1-rqdNXmHB+JlhO/ZL2mbUx48v0X0="
        },
        "lodash": {
          "version": "3.10.1",
          "resolved": "https://registry.npmjs.org/lodash/-/lodash-3.10.1.tgz",
          "integrity": "sha1-W/Rejkm6QYnhfUgnid/RW9FAt7Y="
        },
        "source-map": {
          "version": "0.1.43",
          "resolved": "https://registry.npmjs.org/source-map/-/source-map-0.1.43.tgz",
          "integrity": "sha1-wkvBRspRfBRx9drL4lcbK3+eM0Y="
        }
      }
    },
    "less": {
      "version": "2.7.1",
      "resolved": "https://registry.npmjs.org/less/-/less-2.7.1.tgz",
      "integrity": "sha1-bL/qIrO4MDBOml+zcdVPpIDJ188="
    },
    "less-loader": {
      "version": "2.2.1",
      "resolved": "https://registry.npmjs.org/less-loader/-/less-loader-2.2.1.tgz",
      "integrity": "sha1-uFccm2K66InJPN0sIa5pRdZXHkY=",
      "dev": true
    },
    "license-checker": {
      "version": "8.0.4",
      "resolved": "https://registry.npmjs.org/license-checker/-/license-checker-8.0.4.tgz",
      "integrity": "sha1-kQaulguA6OGJhGeLsC6gr/fvjng=",
      "dev": true,
      "dependencies": {
        "ansi-regex": {
          "version": "0.2.1",
          "resolved": "https://registry.npmjs.org/ansi-regex/-/ansi-regex-0.2.1.tgz",
          "integrity": "sha1-DY6UaWej2BQ/k+JOKYUl/BsiNfk="
        },
        "ansi-styles": {
          "version": "1.1.0",
          "resolved": "https://registry.npmjs.org/ansi-styles/-/ansi-styles-1.1.0.tgz",
          "integrity": "sha1-6uy/Zs1waIJ2Cy9GkVgrj1XXp94="
        },
        "chalk": {
          "version": "0.5.1",
          "resolved": "https://registry.npmjs.org/chalk/-/chalk-0.5.1.tgz",
          "integrity": "sha1-Zjs6ZItotV0EaQ1JFnqoN4WPIXQ="
        },
        "has-ansi": {
          "version": "0.1.0",
          "resolved": "https://registry.npmjs.org/has-ansi/-/has-ansi-0.1.0.tgz",
          "integrity": "sha1-hPJlqujA5qiKEtcCKJS3VoiUxi4="
        },
        "mkdirp": {
          "version": "0.3.5",
          "resolved": "https://registry.npmjs.org/mkdirp/-/mkdirp-0.3.5.tgz",
          "integrity": "sha1-3j5fiWHIjHh+4TaN+EmsRBPsqNc="
        },
        "strip-ansi": {
          "version": "0.3.0",
          "resolved": "https://registry.npmjs.org/strip-ansi/-/strip-ansi-0.3.0.tgz",
          "integrity": "sha1-JfSOoiynkYfzF0pNuHWTR7sSYiA="
        },
        "supports-color": {
          "version": "0.2.0",
          "resolved": "https://registry.npmjs.org/supports-color/-/supports-color-0.2.0.tgz",
          "integrity": "sha1-2S3iaU6z9nMjlz1649i1W0wiGQo="
        }
      }
    },
    "lodash": {
      "version": "4.17.2",
      "resolved": "https://registry.npmjs.org/lodash/-/lodash-4.17.2.tgz",
      "integrity": "sha1-NKMFW6vgTOQkZ7YH1wAHLH/2v0I="
    },
    "matcher": {
      "version": "0.1.2",
      "resolved": "https://registry.npmjs.org/matcher/-/matcher-0.1.2.tgz",
      "integrity": "sha1-7yDL3mTCTFDMYa9bg+4LG4/wAQE="
    },
    "memoizee": {
      "version": "0.4.1",
      "resolved": "https://registry.npmjs.org/memoizee/-/memoizee-0.4.1.tgz",
      "integrity": "sha1-aT9TgM2ASjmR662gAXnGtWWjr6s="
    },
    "meow": {
      "version": "3.7.0",
      "resolved": "https://registry.npmjs.org/meow/-/meow-3.7.0.tgz",
      "integrity": "sha1-cstmi0JSKCkKu/qFaJJYcwioAfs=",
      "dev": true,
      "dependencies": {
        "minimist": {
          "version": "1.2.0",
          "resolved": "https://registry.npmjs.org/minimist/-/minimist-1.2.0.tgz",
          "integrity": "sha1-o1AIsg9BOD7sH7kU9M1d95omQoQ="
        }
      }
    },
    "mkdirp": {
      "version": "0.5.1",
      "resolved": "https://registry.npmjs.org/mkdirp/-/mkdirp-0.5.1.tgz",
      "integrity": "sha1-MAV0OOrGz3+MR2fzhkjWaX11yQM=",
      "dev": true
    },
    "mocha": {
      "version": "2.5.3",
      "resolved": "https://registry.npmjs.org/mocha/-/mocha-2.5.3.tgz",
      "integrity": "sha1-FhvlvetJZ3HrmzV0UFC2IrWu/Fg=",
      "dev": true,
      "dependencies": {
        "commander": {
          "version": "2.3.0",
          "resolved": "https://registry.npmjs.org/commander/-/commander-2.3.0.tgz",
          "integrity": "sha1-/UMOiJgy7DU7ms0d4hfBHLPu+HM="
        },
        "escape-string-regexp": {
          "version": "1.0.2",
          "resolved": "https://registry.npmjs.org/escape-string-regexp/-/escape-string-regexp-1.0.2.tgz",
          "integrity": "sha1-Tbwv5nTnGUnK8/smlc5/LcHZqNE="
        },
        "glob": {
          "version": "3.2.11",
          "resolved": "https://registry.npmjs.org/glob/-/glob-3.2.11.tgz",
          "integrity": "sha1-Spc/Y1uRkPcV0QmH1cAP0oFevj0="
        },
        "minimatch": {
          "version": "0.3.0",
          "resolved": "https://registry.npmjs.org/minimatch/-/minimatch-0.3.0.tgz",
          "integrity": "sha1-J12O2qxPG7MyZHIInnlJyDlGmd0="
        },
        "supports-color": {
          "version": "1.2.0",
          "resolved": "https://registry.npmjs.org/supports-color/-/supports-color-1.2.0.tgz",
          "integrity": "sha1-/x7R5hFp0Gs88tWI4YixjYhH4X4="
        }
      }
    },
    "node-sass": {
      "version": "4.13.1",
      "resolved": "https://registry.npmjs.org/node-sass/-/node-sass-4.13.1.tgz",
      "integrity": "sha512-TTWFx+ZhyDx1Biiez2nB0L3YrCZ/8oHagaDalbuBSlqXgUPsdkUSzJsVxeDO9LtPB49+Fh3WQl3slABo6AotNw==",
      "dev": true,
      "requires": {
        "async-foreach": "^0.1.3",
        "chalk": "^1.1.1",
        "cross-spawn": "^3.0.0",
        "gaze": "^1.0.0",
        "get-stdin": "^4.0.1",
        "glob": "^7.0.3",
        "in-publish": "^2.0.0",
        "lodash": "^4.17.15",
        "meow": "^3.7.0",
        "mkdirp": "^0.5.1",
        "nan": "^2.13.2",
        "node-gyp": "^3.8.0",
        "npmlog": "^4.0.0",
        "request": "^2.88.0",
        "sass-graph": "^2.2.4",
        "stdout-stream": "^1.4.0",
        "true-case-path": "^1.0.2"
      },
      "dependencies": {
        "ajv": {
          "version": "6.12.4",
          "resolved": "https://registry.npmjs.org/ajv/-/ajv-6.12.4.tgz",
          "integrity": "sha512-eienB2c9qVQs2KWexhkrdMLVDoIQCz5KSeLxwg9Lzk4DOfBtIK9PQwwufcsn1jjGuf9WZmqPMbGxOzfcuphJCQ==",
          "dev": true,
          "requires": {
            "fast-deep-equal": "^3.1.1",
            "fast-json-stable-stringify": "^2.0.0",
            "json-schema-traverse": "^0.4.1",
            "uri-js": "^4.2.2"
          }
        },
        "assert-plus": {
          "version": "1.0.0",
          "resolved": "https://registry.npmjs.org/assert-plus/-/assert-plus-1.0.0.tgz",
          "integrity": "sha1-8S4PPF13sLHN2RRpQuTpbB5N1SU=",
          "dev": true
        },
        "aws-sign2": {
          "version": "0.7.0",
          "resolved": "https://registry.npmjs.org/aws-sign2/-/aws-sign2-0.7.0.tgz",
          "integrity": "sha1-tG6JCTSpWR8tL2+G1+ap8bP+dqg=",
          "dev": true
        },
        "aws4": {
          "version": "1.10.1",
          "resolved": "https://registry.npmjs.org/aws4/-/aws4-1.10.1.tgz",
          "integrity": "sha512-zg7Hz2k5lI8kb7U32998pRRFin7zJlkfezGJjUc2heaD4Pw2wObakCDVzkKztTm/Ln7eiVvYsjqak0Ed4LkMDA==",
          "dev": true
        },
        "combined-stream": {
          "version": "1.0.8",
          "resolved": "https://registry.npmjs.org/combined-stream/-/combined-stream-1.0.8.tgz",
          "integrity": "sha512-FQN4MRfuJeHf7cBbBMJFXhKSDq+2kAArBlmRBvcvFE5BB1HZKXtSFASDhdlz9zOYwxh8lDdnvmMOe/+5cdoEdg==",
          "dev": true,
          "requires": {
            "delayed-stream": "~1.0.0"
          }
        },
        "extend": {
          "version": "3.0.2",
          "resolved": "https://registry.npmjs.org/extend/-/extend-3.0.2.tgz",
          "integrity": "sha512-fjquC59cD7CyW6urNXK0FBufkZcoiGG80wTuPujX590cB5Ttln20E2UB4S/WARVqhXffZl2LNgS+gQdPIIim/g==",
          "dev": true
        },
        "form-data": {
          "version": "2.3.3",
          "resolved": "https://registry.npmjs.org/form-data/-/form-data-2.3.3.tgz",
          "integrity": "sha512-1lLKB2Mu3aGP1Q/2eCOx0fNbRMe7XdwktwOruhfqqd0rIJWwN4Dh+E3hrPSlDCXnSR7UtZ1N38rVXm+6+MEhJQ==",
          "dev": true,
          "requires": {
            "asynckit": "^0.4.0",
            "combined-stream": "^1.0.6",
            "mime-types": "^2.1.12"
          }
        },
        "har-schema": {
          "version": "2.0.0",
          "resolved": "https://registry.npmjs.org/har-schema/-/har-schema-2.0.0.tgz",
          "integrity": "sha1-qUwiJOvKwEeCoNkDVSHyRzW37JI=",
          "dev": true
        },
        "har-validator": {
          "version": "5.1.5",
          "resolved": "https://registry.npmjs.org/har-validator/-/har-validator-5.1.5.tgz",
          "integrity": "sha512-nmT2T0lljbxdQZfspsno9hgrG3Uir6Ks5afism62poxqBM6sDnMEuPmzTq8XN0OEwqKLLdh1jQI3qyE66Nzb3w==",
          "dev": true,
          "requires": {
            "ajv": "^6.12.3",
            "har-schema": "^2.0.0"
          }
        },
        "http-signature": {
          "version": "1.2.0",
          "resolved": "https://registry.npmjs.org/http-signature/-/http-signature-1.2.0.tgz",
          "integrity": "sha1-muzZJRFHcvPZW2WmCruPfBj7rOE=",
          "dev": true,
          "requires": {
            "assert-plus": "^1.0.0",
            "jsprim": "^1.2.2",
            "sshpk": "^1.7.0"
          }
        },
        "lodash": {
          "version": "4.17.20",
          "resolved": "https://registry.npmjs.org/lodash/-/lodash-4.17.20.tgz",
          "integrity": "sha512-PlhdFcillOINfeV7Ni6oF1TAEayyZBoZ8bcshTHqOYJYlrqzRK5hagpagky5o4HfCzzd1TRkXPMFq6cKk9rGmA==",
          "dev": true
        },
        "mime-db": {
          "version": "1.44.0",
          "resolved": "https://registry.npmjs.org/mime-db/-/mime-db-1.44.0.tgz",
          "integrity": "sha512-/NOTfLrsPBVeH7YtFPgsVWveuL+4SjjYxaQ1xtM1KMFj7HdxlBlxeyNLzhyJVx7r4rZGJAZ/6lkKCitSc/Nmpg==",
          "dev": true
        },
        "mime-types": {
          "version": "2.1.27",
          "resolved": "https://registry.npmjs.org/mime-types/-/mime-types-2.1.27.tgz",
          "integrity": "sha512-JIhqnCasI9yD+SsmkquHBxTSEuZdQX5BuQnS2Vc7puQQQ+8yiP5AY5uWhpdv4YL4VM5c6iliiYWPgJ/nJQLp7w==",
          "dev": true,
          "requires": {
            "mime-db": "1.44.0"
          }
        },
        "nan": {
          "version": "2.14.1",
          "resolved": "https://registry.npmjs.org/nan/-/nan-2.14.1.tgz",
          "integrity": "sha512-isWHgVjnFjh2x2yuJ/tj3JbwoHu3UC2dX5G/88Cm24yB6YopVgxvBObDY7n5xW6ExmFhJpSEQqFPvq9zaXc8Jw==",
          "dev": true
        },
        "node-gyp": {
          "version": "3.8.0",
          "resolved": "https://registry.npmjs.org/node-gyp/-/node-gyp-3.8.0.tgz",
          "integrity": "sha512-3g8lYefrRRzvGeSowdJKAKyks8oUpLEd/DyPV4eMhVlhJ0aNaZqIrNUIPuEWWTAoPqyFkfGrM67MC69baqn6vA==",
          "dev": true,
          "requires": {
            "fstream": "^1.0.0",
            "glob": "^7.0.3",
            "graceful-fs": "^4.1.2",
            "mkdirp": "^0.5.0",
            "nopt": "2 || 3",
            "npmlog": "0 || 1 || 2 || 3 || 4",
            "osenv": "0",
            "request": "^2.87.0",
            "rimraf": "2",
            "semver": "~5.3.0",
            "tar": "^2.0.0",
            "which": "1"
          }
        },
        "oauth-sign": {
          "version": "0.9.0",
          "resolved": "https://registry.npmjs.org/oauth-sign/-/oauth-sign-0.9.0.tgz",
          "integrity": "sha512-fexhUFFPTGV8ybAtSIGbV6gOkSv8UtRbDBnAyLQw4QPKkgNlsH2ByPGtMUqdWkos6YCRmAqViwgZrJc/mRDzZQ==",
          "dev": true
        },
        "performance-now": {
          "version": "2.1.0",
          "resolved": "https://registry.npmjs.org/performance-now/-/performance-now-2.1.0.tgz",
          "integrity": "sha1-Ywn04OX6kT7BxpMHrjZLSzd8nns=",
          "dev": true
        },
        "punycode": {
          "version": "2.1.1",
          "resolved": "https://registry.npmjs.org/punycode/-/punycode-2.1.1.tgz",
          "integrity": "sha512-XRsRjdf+j5ml+y/6GKHPZbrF/8p2Yga0JPtdqTIY2Xe5ohJPD9saDJJLPvp9+NSBprVvevdXZybnj2cv8OEd0A==",
          "dev": true
        },
        "qs": {
          "version": "6.5.2",
          "resolved": "https://registry.npmjs.org/qs/-/qs-6.5.2.tgz",
          "integrity": "sha512-N5ZAX4/LxJmF+7wN74pUD6qAh9/wnvdQcjq9TZjevvXzSUo7bfmw91saqMjzGS2xq91/odN2dW/WOl7qQHNDGA==",
          "dev": true
        },
        "request": {
          "version": "2.88.2",
          "resolved": "https://registry.npmjs.org/request/-/request-2.88.2.tgz",
          "integrity": "sha512-MsvtOrfG9ZcrOwAW+Qi+F6HbD0CWXEh9ou77uOb7FM2WPhwT7smM833PzanhJLsgXjN89Ir6V2PczXNnMpwKhw==",
          "dev": true,
          "requires": {
            "aws-sign2": "~0.7.0",
            "aws4": "^1.8.0",
            "caseless": "~0.12.0",
            "combined-stream": "~1.0.6",
            "extend": "~3.0.2",
            "forever-agent": "~0.6.1",
            "form-data": "~2.3.2",
            "har-validator": "~5.1.3",
            "http-signature": "~1.2.0",
            "is-typedarray": "~1.0.0",
            "isstream": "~0.1.2",
            "json-stringify-safe": "~5.0.1",
            "mime-types": "~2.1.19",
            "oauth-sign": "~0.9.0",
            "performance-now": "^2.1.0",
            "qs": "~6.5.2",
            "safe-buffer": "^5.1.2",
            "tough-cookie": "~2.5.0",
            "tunnel-agent": "^0.6.0",
            "uuid": "^3.3.2"
          }
        },
        "safe-buffer": {
          "version": "5.2.1",
          "resolved": "https://registry.npmjs.org/safe-buffer/-/safe-buffer-5.2.1.tgz",
          "integrity": "sha512-rp3So07KcdmmKbGvgaNxQSJr7bGVSVk5S9Eq1F+ppbRo70+YeaDxkw5Dd8NPN+GD6bjnYm2VuPuCXmpuYvmCXQ==",
          "dev": true
        },
        "tough-cookie": {
          "version": "2.5.0",
          "resolved": "https://registry.npmjs.org/tough-cookie/-/tough-cookie-2.5.0.tgz",
          "integrity": "sha512-nlLsUzgm1kfLXSXfRZMc1KLAugd4hqJHDTvc2hDIwS3mZAfMEuMbc03SujMF+GEcpaX/qboeycw6iO8JwVv2+g==",
          "dev": true,
          "requires": {
            "psl": "^1.1.28",
            "punycode": "^2.1.1"
          }
        },
        "uuid": {
          "version": "3.4.0",
          "resolved": "https://registry.npmjs.org/uuid/-/uuid-3.4.0.tgz",
          "integrity": "sha512-HjSDRw6gZE5JMggctHBcjVak08+KEVhSIiDzFnT9S9aegmp85S/bReBVTb4QTFaRNptJ9kuYaNhnbNEOkbKb/A==",
          "dev": true
        }
      }
    },
    "nopt": {
      "version": "2.2.1",
      "resolved": "https://registry.npmjs.org/nopt/-/nopt-2.2.1.tgz",
      "integrity": "sha1-KqCbfRdoSHs7ianFqlIzW/8Lrqc=",
      "dev": true
    },
    "npm-run-all": {
      "version": "3.1.1",
      "resolved": "https://registry.npmjs.org/npm-run-all/-/npm-run-all-3.1.1.tgz",
      "integrity": "sha1-XG/oZzMvCDQrGh6pn0R6uGyVywI=",
      "dev": true,
      "dependencies": {
        "cross-spawn": {
          "version": "4.0.2",
          "resolved": "https://registry.npmjs.org/cross-spawn/-/cross-spawn-4.0.2.tgz",
          "integrity": "sha1-e5JHYhwjrf3ThWAEqCPL45dCTUE="
        },
        "lru-cache": {
          "version": "4.0.2",
          "resolved": "https://registry.npmjs.org/lru-cache/-/lru-cache-4.0.2.tgz",
          "integrity": "sha1-HRdnnAac2l0ECZGgnbwsDbN35V4="
        }
      }
    },
    "npmlog": {
      "version": "4.1.0",
      "resolved": "https://registry.npmjs.org/npmlog/-/npmlog-4.1.0.tgz",
      "integrity": "sha512-ocolIkZYZt8UveuiDS0yAkkIjid1o7lPG8cYm05yNYzBn8ykQtaiPMEGp8fY9tKdDgm8okpdKzkvu1y9hUYugA==",
      "dev": true
    },
    "null-loader": {
      "version": "0.1.1",
      "resolved": "https://registry.npmjs.org/null-loader/-/null-loader-0.1.1.tgz",
      "integrity": "sha1-F76av80/8OFRL2/Er8sfUDk3j64=",
      "dev": true
    },
    "open": {
      "version": "0.0.5",
      "resolved": "https://registry.npmjs.org/open/-/open-0.0.5.tgz",
      "integrity": "sha1-QsPhjslUZra/DcQvOilFw/DK2Pw=",
      "dev": true
    },
    "osenv": {
      "version": "0.1.4",
      "resolved": "https://registry.npmjs.org/osenv/-/osenv-0.1.4.tgz",
      "integrity": "sha1-Qv5tWVPfBsgGS+bxdsPQWqqjRkQ=",
      "dev": true
    },
    "postcss-loader": {
      "version": "0.7.0",
      "resolved": "https://registry.npmjs.org/postcss-loader/-/postcss-loader-0.7.0.tgz",
      "integrity": "sha1-Lmx8zlbJE7nAQ8r524pcg4TBMP8=",
      "dev": true
    },
    "promise-worker": {
      "version": "1.1.1",
      "resolved": "https://registry.npmjs.org/promise-worker/-/promise-worker-1.1.1.tgz",
      "integrity": "sha1-wrddBF0kliXAImTi3/mtIuAxxps="
    },
    "psl": {
      "version": "1.8.0",
      "resolved": "https://registry.npmjs.org/psl/-/psl-1.8.0.tgz",
      "integrity": "sha512-RIdOzyoavK+hA18OGGWDqUTsCLhtA7IcZ/6NCs4fFJaHBDab+pDDmDIByWFRQJq2Cd7r1OoQxBGKOaztq+hjIQ==",
      "dev": true
    },
    "raw-loader": {
      "version": "0.5.1",
      "resolved": "https://registry.npmjs.org/raw-loader/-/raw-loader-0.5.1.tgz",
      "integrity": "sha1-DD0L6u2KAclm2Xh793goElKpeao=",
      "dev": true
    },
    "react": {
      "version": "15.5.4",
      "resolved": "https://registry.npmjs.org/react/-/react-15.5.4.tgz",
      "integrity": "sha1-+oPrAVBqsjfNwcjDsc6o3gEr8Ec="
    },
    "react-addons-perf": {
      "version": "0.14.8",
      "resolved": "https://registry.npmjs.org/react-addons-perf/-/react-addons-perf-0.14.8.tgz",
      "integrity": "sha1-sYZ20O4j4JUYlrZD2QHdhsjDNcg="
    },
    "react-addons-shallow-compare": {
      "version": "0.14.8",
      "resolved": "https://registry.npmjs.org/react-addons-shallow-compare/-/react-addons-shallow-compare-0.14.8.tgz",
      "integrity": "sha1-HyZTPXjK2r9GOXVuwNrlq0VCenQ="
    },
    "react-addons-test-utils": {
      "version": "15.5.1",
      "resolved": "https://registry.npmjs.org/react-addons-test-utils/-/react-addons-test-utils-15.5.1.tgz",
      "integrity": "sha1-4NJYzaKhIq0N/2n4OCYNDDlY9fc="
    },
    "react-collapse": {
      "version": "2.3.1",
      "resolved": "https://registry.npmjs.org/react-collapse/-/react-collapse-2.3.1.tgz",
      "integrity": "sha1-KxZCWezW/XSfShh9Nb3wAwu2AJM="
    },
    "react-dom": {
      "version": "15.5.4",
      "resolved": "https://registry.npmjs.org/react-dom/-/react-dom-15.5.4.tgz",
      "integrity": "sha1-ugwoeG/VLtfk8hNf4CiNRirvk9o="
    },
    "react-height": {
      "version": "2.2.1",
      "resolved": "https://registry.npmjs.org/react-height/-/react-height-2.2.1.tgz",
      "integrity": "sha1-CQINnSKkgSGno4E14jRStH96mH8=",
      "dependencies": {
        "prop-types": {
          "version": "15.5.8",
          "resolved": "https://registry.npmjs.org/prop-types/-/prop-types-15.5.8.tgz",
          "integrity": "sha1-a3suFBCDvjjIWVqlH8VXdccZk5Q="
        }
      }
    },
    "react-hot-loader": {
      "version": "1.3.1",
      "resolved": "https://registry.npmjs.org/react-hot-loader/-/react-hot-loader-1.3.1.tgz",
      "integrity": "sha1-yVZHrni3Pfzv9uxx/8sEGC/22vk=",
      "dependencies": {
        "source-map": {
          "version": "0.4.4",
          "resolved": "https://registry.npmjs.org/source-map/-/source-map-0.4.4.tgz",
          "integrity": "sha1-66T12pwNyZneaAMti092FzZSA2s="
        }
      }
    },
    "react-immutable-proptypes": {
      "version": "2.1.0",
      "resolved": "https://registry.npmjs.org/react-immutable-proptypes/-/react-immutable-proptypes-2.1.0.tgz",
      "integrity": "sha1-Aj1vObsVyXwHHp5g0A0TbqxfoLQ="
    },
    "react-motion": {
      "version": "0.4.4",
      "resolved": "https://registry.npmjs.org/react-motion/-/react-motion-0.4.4.tgz",
      "integrity": "sha1-LnZfEw4b9stVp+/DD+GC1lIwZMs="
    },
    "react-object-inspector": {
      "version": "0.2.1",
      "resolved": "https://registry.npmjs.org/react-object-inspector/-/react-object-inspector-0.2.1.tgz",
      "integrity": "sha1-jsMpUb3ox2sHLvCEp056nS0K63I="
    },
    "react-redux": {
      "version": "4.4.8",
      "resolved": "https://registry.npmjs.org/react-redux/-/react-redux-4.4.8.tgz",
      "integrity": "sha1-57wd0QDotk6WrIIS2xEyObni4I8="
    },
    "react-remarkable": {
      "version": "1.1.1",
      "resolved": "https://registry.npmjs.org/react-remarkable/-/react-remarkable-1.1.1.tgz",
      "integrity": "sha1-N5CKyViUV20NORh70om8LLtaxt4="
    },
    "react-split-pane": {
      "version": "0.1.57",
      "resolved": "https://registry.npmjs.org/react-split-pane/-/react-split-pane-0.1.57.tgz",
      "integrity": "sha1-fMLTCEGuaj4kbuYTqYWAElKNiU8="
    },
    "react-test-renderer": {
      "version": "15.5.4",
      "resolved": "https://registry.npmjs.org/react-test-renderer/-/react-test-renderer-15.5.4.tgz",
      "integrity": "sha1-1OuyP2E9aF6o9TkBCcLSD798g7w=",
      "dev": true
    },
    "redux": {
      "version": "3.6.0",
      "resolved": "https://registry.npmjs.org/redux/-/redux-3.6.0.tgz",
      "integrity": "sha1-iHwrPQub2G7KK+cFccJ2VMGeGI0="
    },
    "redux-immutable": {
      "version": "3.0.8",
      "resolved": "https://registry.npmjs.org/redux-immutable/-/redux-immutable-3.0.8.tgz",
      "integrity": "sha1-31pdYByIInujj0dM+C99AOVvjBQ="
    },
    "redux-logger": {
      "version": "3.0.6",
      "resolved": "https://registry.npmjs.org/redux-logger/-/redux-logger-3.0.6.tgz",
      "integrity": "sha1-91VZZvMJjzyIYExEnPC69XeCdL8="
    },
    "reselect": {
      "version": "2.5.3",
      "resolved": "https://registry.npmjs.org/reselect/-/reselect-2.5.3.tgz",
      "integrity": "sha1-I2WRE2rV/2PuUM3YT+/39q/YDuo="
    },
    "rimraf": {
      "version": "2.6.1",
      "resolved": "https://registry.npmjs.org/rimraf/-/rimraf-2.6.1.tgz",
      "integrity": "sha1-wjOOxkPfeht/5cVPqG9XQopV8z0=",
      "dev": true
    },
    "sass-graph": {
      "version": "2.2.4",
      "resolved": "https://registry.npmjs.org/sass-graph/-/sass-graph-2.2.4.tgz",
      "integrity": "sha1-E/vWPNHK8JCLn9k0dq1DpR0eC0k=",
      "dev": true
    },
    "sass-loader": {
      "version": "6.0.5",
      "resolved": "https://registry.npmjs.org/sass-loader/-/sass-loader-6.0.5.tgz",
      "integrity": "sha1-qEeRDzZEKqVsWYWHnVTrUZ4koyg=",
      "dev": true,
      "dependencies": {
        "loader-utils": {
          "version": "1.1.0",
          "resolved": "https://registry.npmjs.org/loader-utils/-/loader-utils-1.1.0.tgz",
          "integrity": "sha1-yYrvSIvM7aL/teLeZG1qdUQp9c0="
        }
      }
    },
    "semver": {
      "version": "5.3.0",
      "resolved": "https://registry.npmjs.org/semver/-/semver-5.3.0.tgz",
      "integrity": "sha1-myzl094C0XxgEq0yaqa00M9U+U8=",
      "dev": true
    },
    "serialize-error": {
      "version": "2.0.0",
      "resolved": "https://registry.npmjs.org/serialize-error/-/serialize-error-2.0.0.tgz",
      "integrity": "sha1-bBFT9+4/5/c/8bG30rSUtntnXro="
    },
    "shallowequal": {
      "version": "0.2.2",
      "resolved": "https://registry.npmjs.org/shallowequal/-/shallowequal-0.2.2.tgz",
      "integrity": "sha1-HjL9W8q2rWiKSBLLDMBO/HXHAU4="
    },
    "sshpk": {
      "version": "1.13.0",
      "resolved": "https://registry.npmjs.org/sshpk/-/sshpk-1.13.0.tgz",
      "integrity": "sha1-/yo+T9BEl1Vf7Zezmg/YL6+zozw=",
      "dev": true,
      "dependencies": {
        "assert-plus": {
          "version": "1.0.0",
          "resolved": "https://registry.npmjs.org/assert-plus/-/assert-plus-1.0.0.tgz",
          "integrity": "sha1-8S4PPF13sLHN2RRpQuTpbB5N1SU="
        }
      }
    },
    "standard": {
      "version": "8.6.0",
      "resolved": "https://registry.npmjs.org/standard/-/standard-8.6.0.tgz",
      "integrity": "sha1-Y1Eyvnv7VnwpIQBfMPnjUOR1Kq0=",
      "dev": true,
      "dependencies": {
        "eslint": {
          "version": "3.10.2",
          "resolved": "https://registry.npmjs.org/eslint/-/eslint-3.10.2.tgz",
          "integrity": "sha1-yaEOi/bp1lZRIEd4xQM0Hx6sPOc="
        },
        "eslint-plugin-react": {
          "version": "6.7.1",
          "resolved": "https://registry.npmjs.org/eslint-plugin-react/-/eslint-plugin-react-6.7.1.tgz",
          "integrity": "sha1-Gvlq6lRYVoJRV9l8G1DVqPtkpac="
        },
        "file-entry-cache": {
          "version": "2.0.0",
          "resolved": "https://registry.npmjs.org/file-entry-cache/-/file-entry-cache-2.0.0.tgz",
          "integrity": "sha1-w5KZDD5oR4PYOLjISkXYoEhFg2E="
        },
        "shelljs": {
          "version": "0.7.7",
          "resolved": "https://registry.npmjs.org/shelljs/-/shelljs-0.7.7.tgz",
          "integrity": "sha1-svXHfvlxSPS09uImguELuoZnz/E="
        },
        "strip-bom": {
          "version": "3.0.0",
          "resolved": "https://registry.npmjs.org/strip-bom/-/strip-bom-3.0.0.tgz",
          "integrity": "sha1-IzTBjpx1n3vdVv3vfprj1YjmjtM="
        }
      }
    },
    "standard-loader": {
      "version": "5.0.0",
      "resolved": "https://registry.npmjs.org/standard-loader/-/standard-loader-5.0.0.tgz",
      "integrity": "sha1-5S+M0FTdw9iRd5ODTnndVvLltGA=",
      "dev": true
    },
    "stdout-stream": {
      "version": "1.4.0",
      "resolved": "https://registry.npmjs.org/stdout-stream/-/stdout-stream-1.4.0.tgz",
      "integrity": "sha1-osfIWH5U2UJ+qe2zrD8s1SLfN4s=",
      "dev": true
    },
    "style-loader": {
      "version": "0.13.0",
      "resolved": "https://registry.npmjs.org/style-loader/-/style-loader-0.13.0.tgz",
      "integrity": "sha1-q6wRogRQ893qIitEwMY0Kohi20c=",
      "dev": true
    },
    "swagger-client": {
      "version": "3.0.12",
      "resolved": "https://registry.npmjs.org/swagger-client/-/swagger-client-3.0.12.tgz",
      "integrity": "sha1-gYQDhJ1cQq36GzhJ2GScBBq994I=",
      "dependencies": {
        "lodash": {
          "version": "4.16.2",
          "resolved": "https://registry.npmjs.org/lodash/-/lodash-4.16.2.tgz",
          "integrity": "sha1-PmJtuCcEimmSgaihJSJjJs/A5lI="
        }
      }
    },
    "tar": {
      "version": "2.2.1",
      "resolved": "https://registry.npmjs.org/tar/-/tar-2.2.1.tgz",
      "integrity": "sha1-jk0qJWwOIYXGsYrWlK7JaLg8sdE=",
      "dev": true
    },
    "true-case-path": {
      "version": "1.0.3",
      "resolved": "https://registry.npmjs.org/true-case-path/-/true-case-path-1.0.3.tgz",
      "integrity": "sha512-m6s2OdQe5wgpFMC+pAJ+q9djG82O2jcHPOI6RNg1yy9rCYR+WD6Nbpl32fDpfC56nirdRy+opFa/Vk7HYhqaew==",
      "dev": true,
      "requires": {
        "glob": "^7.1.2"
      }
    },
    "tunnel-agent": {
      "version": "0.6.0",
      "resolved": "https://registry.npmjs.org/tunnel-agent/-/tunnel-agent-0.6.0.tgz",
      "integrity": "sha1-J6XeoGs2sEoKmWZ3SykIaPD8QP0=",
      "dev": true
    },
    "uri-js": {
      "version": "4.4.0",
      "resolved": "https://registry.npmjs.org/uri-js/-/uri-js-4.4.0.tgz",
      "integrity": "sha512-B0yRTzYdUCCn9n+F4+Gh4yIDtMQcaJsmYBDsTSG8g/OejKBodLQ2IHfN3bM7jUsRXndopT7OIXWdYqc1fjmV6g==",
      "dev": true,
      "requires": {
        "punycode": "^2.1.0"
      },
      "dependencies": {
        "punycode": {
          "version": "2.1.1",
          "resolved": "https://registry.npmjs.org/punycode/-/punycode-2.1.1.tgz",
          "integrity": "sha512-XRsRjdf+j5ml+y/6GKHPZbrF/8p2Yga0JPtdqTIY2Xe5ohJPD9saDJJLPvp9+NSBprVvevdXZybnj2cv8OEd0A==",
          "dev": true
        }
      }
    },
    "url-loader": {
      "version": "0.5.6",
      "resolved": "https://registry.npmjs.org/url-loader/-/url-loader-0.5.6.tgz",
      "integrity": "sha1-ZEUhpdxmuHKcqrG2up5YDgId7UU=",
      "dev": true,
      "dependencies": {
        "mime": {
          "version": "1.2.11",
          "resolved": "https://registry.npmjs.org/mime/-/mime-1.2.11.tgz",
          "integrity": "sha1-WCA+7Ybjpe8XrtK32evUfwpg3RA="
        }
      }
    },
    "url-parse": {
      "version": "1.1.9",
      "resolved": "https://registry.npmjs.org/url-parse/-/url-parse-1.1.9.tgz",
      "integrity": "sha1-xn8dd11R8KGJEd17P/rSe7nlvRk="
    },
    "webpack": {
      "version": "1.15.0",
      "resolved": "https://registry.npmjs.org/webpack/-/webpack-1.15.0.tgz",
      "integrity": "sha1-T/MfU9sDM55VFkqdRo7gMklo/pg=",
      "dev": true,
      "dependencies": {
        "acorn": {
          "version": "3.3.0",
          "resolved": "https://registry.npmjs.org/acorn/-/acorn-3.3.0.tgz",
          "integrity": "sha1-ReN/s56No/JbruP/U2niu18iAXo="
        },
        "async": {
          "version": "1.5.2",
          "resolved": "https://registry.npmjs.org/async/-/async-1.5.2.tgz",
          "integrity": "sha1-7GphrlZIDAw8skHJVhjiCJL5Zyo="
        },
        "camelcase": {
          "version": "1.2.1",
          "resolved": "https://registry.npmjs.org/camelcase/-/camelcase-1.2.1.tgz",
          "integrity": "sha1-m7UwTS4LVmmLLHWLCKPqqdqlijk="
        },
        "cliui": {
          "version": "2.1.0",
          "resolved": "https://registry.npmjs.org/cliui/-/cliui-2.1.0.tgz",
          "integrity": "sha1-S0dXYP+AJkx2LDoXGQMukcf+oNE="
        },
        "interpret": {
          "version": "0.6.6",
          "resolved": "https://registry.npmjs.org/interpret/-/interpret-0.6.6.tgz",
          "integrity": "sha1-/s16GOfOXKar+5U+H4YhOknxYls="
        },
        "memory-fs": {
          "version": "0.3.0",
          "resolved": "https://registry.npmjs.org/memory-fs/-/memory-fs-0.3.0.tgz",
          "integrity": "sha1-e8xrYp46Q+hx1+Kaymrop/FcuyA="
        },
        "uglify-js": {
          "version": "2.7.5",
          "resolved": "https://registry.npmjs.org/uglify-js/-/uglify-js-2.7.5.tgz",
          "integrity": "sha1-RhLAx7qu4rp8SH3kkErhIgefLKg=",
          "dependencies": {
            "async": {
              "version": "0.2.10",
              "resolved": "https://registry.npmjs.org/async/-/async-0.2.10.tgz",
              "integrity": "sha1-trvgsGdLnXGXCMo43owjfLUmw9E="
            }
          }
        },
        "wordwrap": {
          "version": "0.0.2",
          "resolved": "https://registry.npmjs.org/wordwrap/-/wordwrap-0.0.2.tgz",
          "integrity": "sha1-t5Zpu0LstAn4PVg8rVLKF+qhZD8="
        },
        "yargs": {
          "version": "3.10.0",
          "resolved": "https://registry.npmjs.org/yargs/-/yargs-3.10.0.tgz",
          "integrity": "sha1-9+572FfdfB0tOMDnTvvWgdFDH9E="
        }
      }
    },
    "webpack-bundle-size-analyzer": {
      "version": "2.7.0",
      "resolved": "https://registry.npmjs.org/webpack-bundle-size-analyzer/-/webpack-bundle-size-analyzer-2.7.0.tgz",
      "integrity": "sha1-LsBTn9V/hxYIOJizi4kv6UyIxrw=",
      "dev": true
    },
    "webpack-dev-server": {
      "version": "1.14.0",
      "resolved": "https://registry.npmjs.org/webpack-dev-server/-/webpack-dev-server-1.14.0.tgz",
      "integrity": "sha1-rON25XGoQWLyKbplmOkYD378nuw=",
      "optional": true
    },
    "whatwg-fetch": {
      "version": "0.11.1",
      "resolved": "https://registry.npmjs.org/whatwg-fetch/-/whatwg-fetch-0.11.1.tgz",
      "integrity": "sha1-bT3tJF/dl81yjg4lh7VLczlJ5mM="
    },
    "which": {
      "version": "1.2.14",
      "resolved": "https://registry.npmjs.org/which/-/which-1.2.14.tgz",
      "integrity": "sha1-mofEN48D6CfOyvGs31bHNsAcFOU=",
      "dev": true
    },
    "worker-loader": {
      "version": "0.7.1",
      "resolved": "https://registry.npmjs.org/worker-loader/-/worker-loader-0.7.1.tgz",
      "integrity": "sha1-kf/S4vv3aSGkPoyjdm0S6VN/XXA="
    },
    "xml": {
      "version": "1.0.1",
      "resolved": "https://registry.npmjs.org/xml/-/xml-1.0.1.tgz",
      "integrity": "sha1-eLpyAgApxbyHuKgaPPzXS0ovweU="
    },
    "yaml-js": {
      "version": "0.1.5",
      "resolved": "https://registry.npmjs.org/yaml-js/-/yaml-js-0.1.5.tgz",
      "integrity": "sha1-oBNpAQs1WNiq7SOUYV39B4D9j6w="
    }
  }
}
