{
  "name": "swagger-ui",
  "version": "3.0.12",
  "lockfileVersion": 1,
  "requires": true,
  "dependencies": {
    "autoprefixer": {
      "version": "6.6.1",
      "resolved": "https://registry.npmjs.org/autoprefixer/-/autoprefixer-6.6.1.tgz",
      "integrity": "sha1-EaQHertLMTJT7C9uGtuRrYQlNRk=",
      "dev": true
    },
    "babel-core": {
      "version": "6.24.1",
      "resolved": "https://registry.npmjs.org/babel-core/-/babel-core-6.24.1.tgz",
      "integrity": "sha1-jEKFZNzh4fQfszfsNPTDsCK1rYM=",
      "dev": true
    },
    "babel-eslint": {
      "version": "7.2.3",
      "resolved": "https://registry.npmjs.org/babel-eslint/-/babel-eslint-7.2.3.tgz",
      "integrity": "sha1-sv4tgBJkcPXBlELcdXJTqJdxCCc=",
      "dev": true
    },
    "babel-loader": {
      "version": "6.4.1",
      "resolved": "https://registry.npmjs.org/babel-loader/-/babel-loader-6.4.1.tgz",
      "integrity": "sha1-CzQRLVsHSKjc2/Uaz2+b1C1QuMo=",
      "dev": true
    },
    "babel-plugin-module-alias": {
      "version": "1.6.0",
      "resolved": "https://registry.npmjs.org/babel-plugin-module-alias/-/babel-plugin-module-alias-1.6.0.tgz",
      "integrity": "sha1-3346q6NUT0wGqdMxSia7v/bYe2E=",
      "dev": true
    },
    "babel-polyfill": {
      "version": "6.23.0",
      "resolved": "https://registry.npmjs.org/babel-polyfill/-/babel-polyfill-6.23.0.tgz",
      "integrity": "sha1-g2TKYt+Or7gwSZ9pkXdGbDsDSZ0="
    },
    "babel-preset-es2015": {
      "version": "6.24.1",
      "resolved": "https://registry.npmjs.org/babel-preset-es2015/-/babel-preset-es2015-6.24.1.tgz",
      "integrity": "sha1-1EBQ1rwsn+6nAqrzjXJ6AhBTiTk=",
      "dev": true
    },
    "babel-preset-es2015-ie": {
      "version": "6.7.0",
      "resolved": "https://registry.npmjs.org/babel-preset-es2015-ie/-/babel-preset-es2015-ie-6.7.0.tgz",
      "integrity": "sha1-T8Of8zENBzI6BLzZfJxyl5tAe2I=",
      "dev": true
    },
    "babel-preset-react": {
      "version": "6.24.1",
      "resolved": "https://registry.npmjs.org/babel-preset-react/-/babel-preset-react-6.24.1.tgz",
      "integrity": "sha1-umnfrqRfw+xjm2pOzqbhdwLJE4A=",
      "dev": true
    },
    "babel-preset-stage-0": {
      "version": "6.24.1",
      "resolved": "https://registry.npmjs.org/babel-preset-stage-0/-/babel-preset-stage-0-6.24.1.tgz",
      "integrity": "sha1-VkLRUEL5E4TX5a+LyIsduVsDnmo=",
      "dev": true
    },
    "babel-runtime": {
      "version": "6.23.0",
      "resolved": "https://registry.npmjs.org/babel-runtime/-/babel-runtime-6.23.0.tgz",
      "integrity": "sha1-CpSJ8UTecO+zzkMArM2zKeL8VDs=",
      "dev": true
    },
    "base64-js": {
      "version": "1.2.0",
      "resolved": "https://registry.npmjs.org/base64-js/-/base64-js-1.2.0.tgz",
      "integrity": "sha1-o5mS1yNYSBGYK+XikLtqU9hnAPE="
    },
    "brace": {
      "version": "0.7.0",
      "resolved": "https://registry.npmjs.org/brace/-/brace-0.7.0.tgz",
      "integrity": "sha1-kGUdpb1Ibtu0GIjex4r9zQc3WyE="
    },
    "css-loader": {
      "version": "0.22.0",
      "resolved": "https://registry.npmjs.org/css-loader/-/css-loader-0.22.0.tgz",
      "integrity": "sha1-SJKROWDNPe34gHcCwkKD+E6Xxw8=",
      "dev": true
    },
    "deep-extend": {
      "version": "0.4.1",
      "resolved": "https://registry.npmjs.org/deep-extend/-/deep-extend-0.4.1.tgz",
      "integrity": "sha1-7+QRPQgIX05vlod1mBD4B0aeIlM="
    },
    "deepmerge": {
      "version": "1.3.2",
      "resolved": "https://registry.npmjs.org/deepmerge/-/deepmerge-1.3.2.tgz",
      "integrity": "sha1-FmNpFinU2/42T6EqKk8KqGqjoFA=",
      "dev": true
    },
    "enzyme": {
      "version": "2.8.2",
      "resolved": "https://registry.npmjs.org/enzyme/-/enzyme-2.8.2.tgz",
      "integrity": "sha1-bIvLBQEqvEqkvDIT+yN4C5tbFxQ=",
      "dev": true
    },
    "eslint": {
      "version": "2.13.1",
      "resolved": "https://registry.npmjs.org/eslint/-/eslint-2.13.1.tgz",
      "integrity": "sha1-5MyPoPAJ+4KaquI4VaKTYL4fbBE=",
      "dev": true
    },
    "eslint-plugin-react": {
      "version": "6.10.3",
      "resolved": "https://registry.npmjs.org/eslint-plugin-react/-/eslint-plugin-react-6.10.3.tgz",
      "integrity": "sha1-xUNb6wZ3ThLH2y9qut3L+QDNP3g=",
      "dev": true
    },
    "expect": {
      "version": "1.20.2",
      "resolved": "https://registry.npmjs.org/expect/-/expect-1.20.2.tgz",
      "integrity": "sha1-1Fj+TFYAQDa64yMkFqP2Nh8E+WU="
    },
    "extract-text-webpack-plugin": {
      "version": "0.8.2",
      "resolved": "https://registry.npmjs.org/extract-text-webpack-plugin/-/extract-text-webpack-plugin-0.8.2.tgz",
      "integrity": "sha1-STCd8yX1Ov/FOXL3Ea+6I2DBkUw=",
      "dev": true,
      "dependencies": {
        "async": {
          "version": "1.5.2",
          "resolved": "https://registry.npmjs.org/async/-/async-1.5.2.tgz",
          "integrity": "sha1-7GphrlZIDAw8skHJVhjiCJL5Zyo="
        }
      }
    },
    "file-loader": {
      "version": "0.8.4",
      "resolved": "https://registry.npmjs.org/file-loader/-/file-loader-0.8.4.tgz",
      "integrity": "sha1-NsuRoeB/tZgXQyp2uECNZvuqacY=",
      "dev": true
    },
    "getbase": {
      "version": "2.8.2",
      "resolved": "https://registry.npmjs.org/getbase/-/getbase-2.8.2.tgz",
      "integrity": "sha1-ytdX/7K19THTKtb6xIceYmpMCcs="
    },
    "git-describe": {
      "version": "4.0.1",
      "resolved": "https://registry.npmjs.org/git-describe/-/git-describe-4.0.1.tgz",
      "integrity": "sha1-tFkH84MbeGWQsT4AWECjGv+iKao=",
      "dev": true
    },
    "html-webpack-plugin": {
      "version": "2.28.0",
      "resolved": "https://registry.npmjs.org/html-webpack-plugin/-/html-webpack-plugin-2.28.0.tgz",
      "integrity": "sha1-LnhjtX5f1I/iYzA+L/yTTDBk0Ak=",
      "dev": true,
      "dependencies": {
        "lodash": {
          "version": "4.17.4",
          "resolved": "https://registry.npmjs.org/lodash/-/lodash-4.17.4.tgz",
          "integrity": "sha1-eCA6TRwyiuHYbcpkYONptX9AVa4="
        }
      }
    },
    "ieee754": {
      "version": "1.1.8",
      "resolved": "https://registry.npmjs.org/ieee754/-/ieee754-1.1.8.tgz",
      "integrity": "sha1-vjPUCsEO8ZJnAfbwii2G+/0a0+Q="
    },
    "immutable": {
      "version": "3.8.1",
      "resolved": "https://registry.npmjs.org/immutable/-/immutable-3.8.1.tgz",
      "integrity": "sha1-IAgH8Rqw9ycQ6khVQt4IgHX2jNI="
    },
    "imports-loader": {
      "version": "0.6.5",
      "resolved": "https://registry.npmjs.org/imports-loader/-/imports-loader-0.6.5.tgz",
      "integrity": "sha1-rnRlMDHVnjezwvslRKxhrq41MKY=",
      "dev": true,
      "dependencies": {
        "source-map": {
          "version": "0.1.43",
          "resolved": "https://registry.npmjs.org/source-map/-/source-map-0.1.43.tgz",
          "integrity": "sha1-wkvBRspRfBRx9drL4lcbK3+eM0Y="
        }
      }
    },
    "js-yaml": {
      "version": "3.8.4",
      "resolved": "https://registry.npmjs.org/js-yaml/-/js-yaml-3.8.4.tgz",
      "integrity": "sha1-UgtFZPhlc7qWZir4Woyvp7S1pvY="
    },
    "json-loader": {
      "version": "0.5.3",
      "resolved": "https://registry.npmjs.org/json-loader/-/json-loader-0.5.3.tgz",
      "integrity": "sha1-/egxHVw0FPYIJg49kxNQUNF6VZM=",
      "dev": true
    },
    "karma": {
      "version": "0.13.22",
      "resolved": "https://registry.npmjs.org/karma/-/karma-0.13.22.tgz",
      "integrity": "sha1-B3ULG9Bj1+fnuRvNLmNU2PKqh0Q=",
      "dev": true,
      "dependencies": {
        "batch": {
          "version": "0.5.3",
          "resolved": "https://registry.npmjs.org/batch/-/batch-0.5.3.tgz",
          "integrity": "sha1-PzQU84AyF0O/wQQvmoP/HVgk1GQ="
        },
        "bluebird": {
          "version": "2.11.0",
          "resolved": "https://registry.npmjs.org/bluebird/-/bluebird-2.11.0.tgz",
          "integrity": "sha1-U0uQM8AiyVecVro7Plpcqvu2UOE="
        },
        "lodash": {
          "version": "3.10.1",
          "resolved": "https://registry.npmjs.org/lodash/-/lodash-3.10.1.tgz",
          "integrity": "sha1-W/Rejkm6QYnhfUgnid/RW9FAt7Y="
        }
      }
    },
    "karma-chrome-launcher": {
      "version": "0.2.3",
      "resolved": "https://registry.npmjs.org/karma-chrome-launcher/-/karma-chrome-launcher-0.2.3.tgz",
      "integrity": "sha1-TG1wDRY6nTTGGO/YeRi+SeekqMk=",
      "dev": true
    },
    "karma-mocha": {
      "version": "0.2.2",
      "resolved": "https://registry.npmjs.org/karma-mocha/-/karma-mocha-0.2.2.tgz",
      "integrity": "sha1-OI7ZF9oV3LGW0bkVwZNO+AMZP44=",
      "dev": true
    },
    "karma-sourcemap-loader": {
      "version": "0.3.7",
      "resolved": "https://registry.npmjs.org/karma-sourcemap-loader/-/karma-sourcemap-loader-0.3.7.tgz",
      "integrity": "sha1-kTIsd/jxPUb+0GKwQuEAnUxFBdg=",
      "dev": true
    },
    "karma-webpack": {
      "version": "1.8.0",
      "resolved": "https://registry.npmjs.org/karma-webpack/-/karma-webpack-1.8.0.tgz",
      "integrity": "sha1-NAx5mes3RbR77KtH0NME2sLFUlc=",
      "dev": true,
      "dependencies": {
        "async": {
          "version": "0.9.2",
          "resolved": "https://registry.npmjs.org/async/-/async-0.9.2.tgz",
          "integrity": "sha1-rqdNXmHB+JlhO/ZL2mbUx48v0X0="
        },
        "lodash": {
          "version": "3.10.1",
          "resolved": "https://registry.npmjs.org/lodash/-/lodash-3.10.1.tgz",
          "integrity": "sha1-W/Rejkm6QYnhfUgnid/RW9FAt7Y="
        },
        "source-map": {
          "version": "0.1.43",
          "resolved": "https://registry.npmjs.org/source-map/-/source-map-0.1.43.tgz",
          "integrity": "sha1-wkvBRspRfBRx9drL4lcbK3+eM0Y="
        }
      }
    },
    "less": {
      "version": "2.7.1",
      "resolved": "https://registry.npmjs.org/less/-/less-2.7.1.tgz",
      "integrity": "sha1-bL/qIrO4MDBOml+zcdVPpIDJ188="
    },
    "less-loader": {
      "version": "2.2.1",
      "resolved": "https://registry.npmjs.org/less-loader/-/less-loader-2.2.1.tgz",
      "integrity": "sha1-uFccm2K66InJPN0sIa5pRdZXHkY=",
      "dev": true
    },
    "license-checker": {
      "version": "8.0.4",
      "resolved": "https://registry.npmjs.org/license-checker/-/license-checker-8.0.4.tgz",
      "integrity": "sha1-kQaulguA6OGJhGeLsC6gr/fvjng=",
      "dev": true,
      "dependencies": {
        "ansi-regex": {
          "version": "0.2.1",
          "resolved": "https://registry.npmjs.org/ansi-regex/-/ansi-regex-0.2.1.tgz",
          "integrity": "sha1-DY6UaWej2BQ/k+JOKYUl/BsiNfk="
        },
        "ansi-styles": {
          "version": "1.1.0",
          "resolved": "https://registry.npmjs.org/ansi-styles/-/ansi-styles-1.1.0.tgz",
          "integrity": "sha1-6uy/Zs1waIJ2Cy9GkVgrj1XXp94="
        },
        "chalk": {
          "version": "0.5.1",
          "resolved": "https://registry.npmjs.org/chalk/-/chalk-0.5.1.tgz",
          "integrity": "sha1-Zjs6ZItotV0EaQ1JFnqoN4WPIXQ="
        },
        "has-ansi": {
          "version": "0.1.0",
          "resolved": "https://registry.npmjs.org/has-ansi/-/has-ansi-0.1.0.tgz",
          "integrity": "sha1-hPJlqujA5qiKEtcCKJS3VoiUxi4="
        },
        "mkdirp": {
          "version": "0.3.5",
          "resolved": "https://registry.npmjs.org/mkdirp/-/mkdirp-0.3.5.tgz",
          "integrity": "sha1-3j5fiWHIjHh+4TaN+EmsRBPsqNc="
        },
        "strip-ansi": {
          "version": "0.3.0",
          "resolved": "https://registry.npmjs.org/strip-ansi/-/strip-ansi-0.3.0.tgz",
          "integrity": "sha1-JfSOoiynkYfzF0pNuHWTR7sSYiA="
        },
        "supports-color": {
          "version": "0.2.0",
          "resolved": "https://registry.npmjs.org/supports-color/-/supports-color-0.2.0.tgz",
          "integrity": "sha1-2S3iaU6z9nMjlz1649i1W0wiGQo="
        }
      }
    },
    "lodash": {
      "version": "4.17.2",
      "resolved": "https://registry.npmjs.org/lodash/-/lodash-4.17.2.tgz",
      "integrity": "sha1-NKMFW6vgTOQkZ7YH1wAHLH/2v0I="
    },
    "matcher": {
      "version": "0.1.2",
      "resolved": "https://registry.npmjs.org/matcher/-/matcher-0.1.2.tgz",
      "integrity": "sha1-7yDL3mTCTFDMYa9bg+4LG4/wAQE="
    },
    "memoizee": {
      "version": "0.4.1",
      "resolved": "https://registry.npmjs.org/memoizee/-/memoizee-0.4.1.tgz",
      "integrity": "sha1-aT9TgM2ASjmR662gAXnGtWWjr6s="
    },
    "mocha": {
      "version": "2.5.3",
      "resolved": "https://registry.npmjs.org/mocha/-/mocha-2.5.3.tgz",
      "integrity": "sha1-FhvlvetJZ3HrmzV0UFC2IrWu/Fg=",
      "dev": true,
      "dependencies": {
        "commander": {
          "version": "2.3.0",
          "resolved": "https://registry.npmjs.org/commander/-/commander-2.3.0.tgz",
          "integrity": "sha1-/UMOiJgy7DU7ms0d4hfBHLPu+HM="
        },
        "escape-string-regexp": {
          "version": "1.0.2",
          "resolved": "https://registry.npmjs.org/escape-string-regexp/-/escape-string-regexp-1.0.2.tgz",
          "integrity": "sha1-Tbwv5nTnGUnK8/smlc5/LcHZqNE="
        },
        "glob": {
          "version": "3.2.11",
          "resolved": "https://registry.npmjs.org/glob/-/glob-3.2.11.tgz",
          "integrity": "sha1-Spc/Y1uRkPcV0QmH1cAP0oFevj0="
        },
        "minimatch": {
          "version": "0.3.0",
          "resolved": "https://registry.npmjs.org/minimatch/-/minimatch-0.3.0.tgz",
          "integrity": "sha1-J12O2qxPG7MyZHIInnlJyDlGmd0="
        },
        "supports-color": {
          "version": "1.2.0",
          "resolved": "https://registry.npmjs.org/supports-color/-/supports-color-1.2.0.tgz",
          "integrity": "sha1-/x7R5hFp0Gs88tWI4YixjYhH4X4="
        }
      }
    },
    "node-sass": {
      "version": "4.5.3",
      "resolved": "https://registry.npmjs.org/node-sass/-/node-sass-4.5.3.tgz",
      "integrity": "sha1-0JydEXlkEjnRuX/8YjH9zsU+FWg=",
      "dev": true
    },
    "npm-run-all": {
      "version": "3.1.1",
      "resolved": "https://registry.npmjs.org/npm-run-all/-/npm-run-all-3.1.1.tgz",
      "integrity": "sha1-XG/oZzMvCDQrGh6pn0R6uGyVywI=",
      "dev": true,
      "dependencies": {
        "cross-spawn": {
          "version": "4.0.2",
          "resolved": "https://registry.npmjs.org/cross-spawn/-/cross-spawn-4.0.2.tgz",
          "integrity": "sha1-e5JHYhwjrf3ThWAEqCPL45dCTUE="
        },
        "lru-cache": {
          "version": "4.0.2",
          "resolved": "https://registry.npmjs.org/lru-cache/-/lru-cache-4.0.2.tgz",
          "integrity": "sha1-HRdnnAac2l0ECZGgnbwsDbN35V4="
        }
      }
    },
    "null-loader": {
      "version": "0.1.1",
      "resolved": "https://registry.npmjs.org/null-loader/-/null-loader-0.1.1.tgz",
      "integrity": "sha1-F76av80/8OFRL2/Er8sfUDk3j64=",
      "dev": true
    },
    "open": {
      "version": "0.0.5",
      "resolved": "https://registry.npmjs.org/open/-/open-0.0.5.tgz",
      "integrity": "sha1-QsPhjslUZra/DcQvOilFw/DK2Pw=",
      "dev": true
    },
    "postcss-loader": {
      "version": "0.7.0",
      "resolved": "https://registry.npmjs.org/postcss-loader/-/postcss-loader-0.7.0.tgz",
      "integrity": "sha1-Lmx8zlbJE7nAQ8r524pcg4TBMP8=",
      "dev": true
    },
    "promise-worker": {
      "version": "1.1.1",
      "resolved": "https://registry.npmjs.org/promise-worker/-/promise-worker-1.1.1.tgz",
      "integrity": "sha1-wrddBF0kliXAImTi3/mtIuAxxps="
    },
    "raw-loader": {
      "version": "0.5.1",
      "resolved": "https://registry.npmjs.org/raw-loader/-/raw-loader-0.5.1.tgz",
      "integrity": "sha1-DD0L6u2KAclm2Xh793goElKpeao=",
      "dev": true
    },
    "react": {
      "version": "15.5.4",
      "resolved": "https://registry.npmjs.org/react/-/react-15.5.4.tgz",
      "integrity": "sha1-+oPrAVBqsjfNwcjDsc6o3gEr8Ec="
    },
    "react-addons-perf": {
      "version": "0.14.8",
      "resolved": "https://registry.npmjs.org/react-addons-perf/-/react-addons-perf-0.14.8.tgz",
      "integrity": "sha1-sYZ20O4j4JUYlrZD2QHdhsjDNcg="
    },
    "react-addons-shallow-compare": {
      "version": "0.14.8",
      "resolved": "https://registry.npmjs.org/react-addons-shallow-compare/-/react-addons-shallow-compare-0.14.8.tgz",
      "integrity": "sha1-HyZTPXjK2r9GOXVuwNrlq0VCenQ="
    },
    "react-addons-test-utils": {
      "version": "15.5.1",
      "resolved": "https://registry.npmjs.org/react-addons-test-utils/-/react-addons-test-utils-15.5.1.tgz",
      "integrity": "sha1-4NJYzaKhIq0N/2n4OCYNDDlY9fc="
    },
    "react-collapse": {
      "version": "2.3.1",
      "resolved": "https://registry.npmjs.org/react-collapse/-/react-collapse-2.3.1.tgz",
      "integrity": "sha1-KxZCWezW/XSfShh9Nb3wAwu2AJM="
    },
    "react-dom": {
      "version": "15.5.4",
      "resolved": "https://registry.npmjs.org/react-dom/-/react-dom-15.5.4.tgz",
      "integrity": "sha1-ugwoeG/VLtfk8hNf4CiNRirvk9o="
    },
    "react-height": {
      "version": "2.2.1",
      "resolved": "https://registry.npmjs.org/react-height/-/react-height-2.2.1.tgz",
      "integrity": "sha1-CQINnSKkgSGno4E14jRStH96mH8=",
      "dependencies": {
        "prop-types": {
          "version": "15.5.8",
          "resolved": "https://registry.npmjs.org/prop-types/-/prop-types-15.5.8.tgz",
          "integrity": "sha1-a3suFBCDvjjIWVqlH8VXdccZk5Q="
        }
      }
    },
    "react-hot-loader": {
      "version": "1.3.1",
      "resolved": "https://registry.npmjs.org/react-hot-loader/-/react-hot-loader-1.3.1.tgz",
      "integrity": "sha1-yVZHrni3Pfzv9uxx/8sEGC/22vk=",
      "dependencies": {
        "source-map": {
          "version": "0.4.4",
          "resolved": "https://registry.npmjs.org/source-map/-/source-map-0.4.4.tgz",
          "integrity": "sha1-66T12pwNyZneaAMti092FzZSA2s="
        }
      }
    },
    "react-immutable-proptypes": {
      "version": "2.1.0",
      "resolved": "https://registry.npmjs.org/react-immutable-proptypes/-/react-immutable-proptypes-2.1.0.tgz",
      "integrity": "sha1-Aj1vObsVyXwHHp5g0A0TbqxfoLQ="
    },
    "react-motion": {
      "version": "0.4.4",
      "resolved": "https://registry.npmjs.org/react-motion/-/react-motion-0.4.4.tgz",
      "integrity": "sha1-LnZfEw4b9stVp+/DD+GC1lIwZMs="
    },
    "react-object-inspector": {
      "version": "0.2.1",
      "resolved": "https://registry.npmjs.org/react-object-inspector/-/react-object-inspector-0.2.1.tgz",
      "integrity": "sha1-jsMpUb3ox2sHLvCEp056nS0K63I="
    },
    "react-redux": {
      "version": "4.4.8",
      "resolved": "https://registry.npmjs.org/react-redux/-/react-redux-4.4.8.tgz",
      "integrity": "sha1-57wd0QDotk6WrIIS2xEyObni4I8="
    },
    "react-remarkable": {
      "version": "1.1.1",
      "resolved": "https://registry.npmjs.org/react-remarkable/-/react-remarkable-1.1.1.tgz",
      "integrity": "sha1-N5CKyViUV20NORh70om8LLtaxt4="
    },
    "react-split-pane": {
      "version": "0.1.57",
      "resolved": "https://registry.npmjs.org/react-split-pane/-/react-split-pane-0.1.57.tgz",
      "integrity": "sha1-fMLTCEGuaj4kbuYTqYWAElKNiU8="
    },
    "react-test-renderer": {
      "version": "15.5.4",
      "resolved": "https://registry.npmjs.org/react-test-renderer/-/react-test-renderer-15.5.4.tgz",
      "integrity": "sha1-1OuyP2E9aF6o9TkBCcLSD798g7w=",
      "dev": true
    },
    "redux": {
      "version": "3.6.0",
      "resolved": "https://registry.npmjs.org/redux/-/redux-3.6.0.tgz",
      "integrity": "sha1-iHwrPQub2G7KK+cFccJ2VMGeGI0="
    },
    "redux-immutable": {
      "version": "3.0.8",
      "resolved": "https://registry.npmjs.org/redux-immutable/-/redux-immutable-3.0.8.tgz",
      "integrity": "sha1-31pdYByIInujj0dM+C99AOVvjBQ="
    },
    "redux-logger": {
      "version": "3.0.6",
      "resolved": "https://registry.npmjs.org/redux-logger/-/redux-logger-3.0.6.tgz",
      "integrity": "sha1-91VZZvMJjzyIYExEnPC69XeCdL8="
    },
    "requires-port": {
      "version": "1.0.0",
      "resolved": "https://registry.npmjs.org/requires-port/-/requires-port-1.0.0.tgz",
      "integrity": "sha1-kl0mAdOaxIXgkc8NpcbmlNw9yv8="
    },
    "reselect": {
      "version": "2.5.3",
      "resolved": "https://registry.npmjs.org/reselect/-/reselect-2.5.3.tgz",
      "integrity": "sha1-I2WRE2rV/2PuUM3YT+/39q/YDuo="
    },
    "rimraf": {
      "version": "2.6.1",
      "resolved": "https://registry.npmjs.org/rimraf/-/rimraf-2.6.1.tgz",
      "integrity": "sha1-wjOOxkPfeht/5cVPqG9XQopV8z0=",
      "dev": true
    },
    "sass-loader": {
      "version": "6.0.5",
      "resolved": "https://registry.npmjs.org/sass-loader/-/sass-loader-6.0.5.tgz",
      "integrity": "sha1-qEeRDzZEKqVsWYWHnVTrUZ4koyg=",
      "dev": true,
      "dependencies": {
        "loader-utils": {
          "version": "1.1.0",
          "resolved": "https://registry.npmjs.org/loader-utils/-/loader-utils-1.1.0.tgz",
          "integrity": "sha1-yYrvSIvM7aL/teLeZG1qdUQp9c0="
        }
      }
    },
    "serialize-error": {
      "version": "2.0.0",
      "resolved": "https://registry.npmjs.org/serialize-error/-/serialize-error-2.0.0.tgz",
      "integrity": "sha1-bBFT9+4/5/c/8bG30rSUtntnXro="
    },
    "shallowequal": {
      "version": "0.2.2",
      "resolved": "https://registry.npmjs.org/shallowequal/-/shallowequal-0.2.2.tgz",
      "integrity": "sha1-HjL9W8q2rWiKSBLLDMBO/HXHAU4="
    },
    "standard": {
      "version": "8.6.0",
      "resolved": "https://registry.npmjs.org/standard/-/standard-8.6.0.tgz",
      "integrity": "sha1-Y1Eyvnv7VnwpIQBfMPnjUOR1Kq0=",
      "dev": true,
      "dependencies": {
        "eslint": {
          "version": "3.10.2",
          "resolved": "https://registry.npmjs.org/eslint/-/eslint-3.10.2.tgz",
          "integrity": "sha1-yaEOi/bp1lZRIEd4xQM0Hx6sPOc="
        },
        "eslint-plugin-react": {
          "version": "6.7.1",
          "resolved": "https://registry.npmjs.org/eslint-plugin-react/-/eslint-plugin-react-6.7.1.tgz",
          "integrity": "sha1-Gvlq6lRYVoJRV9l8G1DVqPtkpac="
        },
        "file-entry-cache": {
          "version": "2.0.0",
          "resolved": "https://registry.npmjs.org/file-entry-cache/-/file-entry-cache-2.0.0.tgz",
          "integrity": "sha1-w5KZDD5oR4PYOLjISkXYoEhFg2E="
        },
        "shelljs": {
          "version": "0.7.7",
          "resolved": "https://registry.npmjs.org/shelljs/-/shelljs-0.7.7.tgz",
          "integrity": "sha1-svXHfvlxSPS09uImguELuoZnz/E="
        },
        "strip-bom": {
          "version": "3.0.0",
          "resolved": "https://registry.npmjs.org/strip-bom/-/strip-bom-3.0.0.tgz",
          "integrity": "sha1-IzTBjpx1n3vdVv3vfprj1YjmjtM="
        }
      }
    },
    "standard-loader": {
      "version": "5.0.0",
      "resolved": "https://registry.npmjs.org/standard-loader/-/standard-loader-5.0.0.tgz",
      "integrity": "sha1-5S+M0FTdw9iRd5ODTnndVvLltGA=",
      "dev": true
    },
    "style-loader": {
      "version": "0.13.0",
      "resolved": "https://registry.npmjs.org/style-loader/-/style-loader-0.13.0.tgz",
      "integrity": "sha1-q6wRogRQ893qIitEwMY0Kohi20c=",
      "dev": true
    },
    "swagger-client": {
      "version": "3.0.12",
      "resolved": "https://registry.npmjs.org/swagger-client/-/swagger-client-3.0.12.tgz",
      "integrity": "sha1-gYQDhJ1cQq36GzhJ2GScBBq994I=",
      "dependencies": {
        "lodash": {
          "version": "4.16.2",
          "resolved": "https://registry.npmjs.org/lodash/-/lodash-4.16.2.tgz",
          "integrity": "sha1-PmJtuCcEimmSgaihJSJjJs/A5lI="
        }
      }
    },
    "url-loader": {
      "version": "0.5.6",
      "resolved": "https://registry.npmjs.org/url-loader/-/url-loader-0.5.6.tgz",
      "integrity": "sha1-ZEUhpdxmuHKcqrG2up5YDgId7UU=",
      "dev": true,
      "dependencies": {
        "mime": {
          "version": "1.2.11",
          "resolved": "https://registry.npmjs.org/mime/-/mime-1.2.11.tgz",
          "integrity": "sha1-WCA+7Ybjpe8XrtK32evUfwpg3RA="
        }
      }
    },
    "url-parse": {
      "version": "1.5.2",
      "resolved": "https://registry.npmjs.org/url-parse/-/url-parse-1.5.2.tgz",
      "integrity": "sha512-6bTUPERy1muxxYClbzoRo5qtQuyoGEbzbQvi0SW4/8U8UyVkAQhWFBlnigqJkRm4su4x1zDQfNbEzWkt+vchcg==",
      "requires": {
        "querystringify": "^2.1.1",
        "requires-port": "^1.0.0"
      },
      "dependencies": {
        "querystringify": {
          "version": "2.2.0",
          "resolved": "https://registry.npmjs.org/querystringify/-/querystringify-2.2.0.tgz",
          "integrity": "sha512-FIqgj2EUvTa7R50u0rGsyTftzjYmv/a3hO345bZNrqabNqjtgiDMgmo4mkUjd+nzU5oF3dClKqFIPUKybUyqoQ=="
        }
      }
    },
    "webpack": {
      "version": "1.15.0",
      "resolved": "https://registry.npmjs.org/webpack/-/webpack-1.15.0.tgz",
      "integrity": "sha1-T/MfU9sDM55VFkqdRo7gMklo/pg=",
      "dev": true,
      "dependencies": {
        "acorn": {
          "version": "3.3.0",
          "resolved": "https://registry.npmjs.org/acorn/-/acorn-3.3.0.tgz",
          "integrity": "sha1-ReN/s56No/JbruP/U2niu18iAXo="
        },
        "async": {
          "version": "1.5.2",
          "resolved": "https://registry.npmjs.org/async/-/async-1.5.2.tgz",
          "integrity": "sha1-7GphrlZIDAw8skHJVhjiCJL5Zyo="
        },
        "camelcase": {
          "version": "1.2.1",
          "resolved": "https://registry.npmjs.org/camelcase/-/camelcase-1.2.1.tgz",
          "integrity": "sha1-m7UwTS4LVmmLLHWLCKPqqdqlijk="
        },
        "cliui": {
          "version": "2.1.0",
          "resolved": "https://registry.npmjs.org/cliui/-/cliui-2.1.0.tgz",
          "integrity": "sha1-S0dXYP+AJkx2LDoXGQMukcf+oNE="
        },
        "interpret": {
          "version": "0.6.6",
          "resolved": "https://registry.npmjs.org/interpret/-/interpret-0.6.6.tgz",
          "integrity": "sha1-/s16GOfOXKar+5U+H4YhOknxYls="
        },
        "memory-fs": {
          "version": "0.3.0",
          "resolved": "https://registry.npmjs.org/memory-fs/-/memory-fs-0.3.0.tgz",
          "integrity": "sha1-e8xrYp46Q+hx1+Kaymrop/FcuyA="
        },
        "uglify-js": {
          "version": "2.7.5",
          "resolved": "https://registry.npmjs.org/uglify-js/-/uglify-js-2.7.5.tgz",
          "integrity": "sha1-RhLAx7qu4rp8SH3kkErhIgefLKg=",
          "dependencies": {
            "async": {
              "version": "0.2.10",
              "resolved": "https://registry.npmjs.org/async/-/async-0.2.10.tgz",
              "integrity": "sha1-trvgsGdLnXGXCMo43owjfLUmw9E="
            }
          }
        },
        "wordwrap": {
          "version": "0.0.2",
          "resolved": "https://registry.npmjs.org/wordwrap/-/wordwrap-0.0.2.tgz",
          "integrity": "sha1-t5Zpu0LstAn4PVg8rVLKF+qhZD8="
        },
        "yargs": {
          "version": "3.10.0",
          "resolved": "https://registry.npmjs.org/yargs/-/yargs-3.10.0.tgz",
          "integrity": "sha1-9+572FfdfB0tOMDnTvvWgdFDH9E="
        }
      }
    },
    "webpack-bundle-size-analyzer": {
      "version": "2.7.0",
      "resolved": "https://registry.npmjs.org/webpack-bundle-size-analyzer/-/webpack-bundle-size-analyzer-2.7.0.tgz",
      "integrity": "sha1-LsBTn9V/hxYIOJizi4kv6UyIxrw=",
      "dev": true
    },
    "webpack-dev-server": {
      "version": "1.14.0",
      "resolved": "https://registry.npmjs.org/webpack-dev-server/-/webpack-dev-server-1.14.0.tgz",
      "integrity": "sha1-rON25XGoQWLyKbplmOkYD378nuw=",
      "optional": true
    },
    "whatwg-fetch": {
      "version": "0.11.1",
      "resolved": "https://registry.npmjs.org/whatwg-fetch/-/whatwg-fetch-0.11.1.tgz",
      "integrity": "sha1-bT3tJF/dl81yjg4lh7VLczlJ5mM="
    },
    "worker-loader": {
      "version": "0.7.1",
      "resolved": "https://registry.npmjs.org/worker-loader/-/worker-loader-0.7.1.tgz",
      "integrity": "sha1-kf/S4vv3aSGkPoyjdm0S6VN/XXA="
    },
    "xml": {
      "version": "1.0.1",
      "resolved": "https://registry.npmjs.org/xml/-/xml-1.0.1.tgz",
      "integrity": "sha1-eLpyAgApxbyHuKgaPPzXS0ovweU="
    },
    "yaml-js": {
      "version": "0.1.5",
      "resolved": "https://registry.npmjs.org/yaml-js/-/yaml-js-0.1.5.tgz",
      "integrity": "sha1-oBNpAQs1WNiq7SOUYV39B4D9j6w="
    }
  }
}
